
Microsoft Visual Studio Solution File, Format Version 12.00
# Visual Studio Version 17
VisualStudioVersion = 17.4.33403.182
MinimumVisualStudioVersion = 10.0.40219.1
Project("{FAE04EC0-301F-11D3-BF4B-00C04F79EFBC}") = "CRM Demo", "CRM Demo\CRM Demo.csproj", "{9F90FE23-BC15-4D39-90E5-CBCFA152C432}"
EndProject
Global
	GlobalSection(SolutionConfigurationPlatforms) = preSolution
		Debug|Any CPU = Debug|Any CPU
		Release|Any CPU = Release|Any CPU
	EndGlobalSection
	GlobalSection(ProjectConfigurationPlatforms) = postSolution
		{9F90FE23-BC15-4D39-90E5-CBCFA152C432}.Debug|Any CPU.ActiveCfg = Debug|Any CPU
		{9F90FE23-BC15-4D39-90E5-CBCFA152C432}.Debug|Any CPU.Build.0 = Debug|Any CPU
		{9F90FE23-BC15-4D39-90E5-CBCFA152C432}.Release|Any CPU.ActiveCfg = Release|Any CPU
		{9F90FE23-BC15-4D39-90E5-CBCFA152C432}.Release|Any CPU.Build.0 = Release|Any CPU
	EndGlobalSection
	GlobalSection(SolutionProperties) = preSolution
		HideSolutionNode = FALSE
	EndGlobalSection
	GlobalSection(ExtensibilityGlobals) = postSolution
		SolutionGuid = {108AFFBD-AD00-4B93-8051-9579B8ACFA84}
	EndGlobalSection
EndGlobal
